
Microsoft Visual Studio Solution File, Format Version 12.00
# Visual Studio 15
Project("{FAE04EC0-301F-11D3-BF4B-00C04F79EFBC}") = "Assembly-CSharp", "Assembly-CSharp.csproj", "{32966274-3AF4-4256-6D28-C642F1A6B8E4}"
EndProject
Project("{FAE04EC0-301F-11D3-BF4B-00C04F79EFBC}") = "Assembly-CSharp-Editor", "Assembly-CSharp-Editor.csproj", "{1F841EFE-BD53-9B12-B5F0-705598209BEC}"
EndProject
Global
	GlobalSection(SolutionConfigurationPlatforms) = preSolution
		Debug|Any CPU = Debug|Any CPU
		Release|Any CPU = Release|Any CPU
	EndGlobalSection
	GlobalSection(ProjectConfigurationPlatforms) = postSolution
		{32966274-3AF4-4256-6D28-C642F1A6B8E4}.Debug|Any CPU.ActiveCfg = Debug|Any CPU
		{32966274-3AF4-4256-6D28-C642F1A6B8E4}.Debug|Any CPU.Build.0 = Debug|Any CPU
		{32966274-3AF4-4256-6D28-C642F1A6B8E4}.Release|Any CPU.ActiveCfg = Release|Any CPU
		{32966274-3AF4-4256-6D28-C642F1A6B8E4}.Release|Any CPU.Build.0 = Release|Any CPU
		{1F841EFE-BD53-9B12-B5F0-705598209BEC}.Debug|Any CPU.ActiveCfg = Debug|Any CPU
		{1F841EFE-BD53-9B12-B5F0-705598209BEC}.Debug|Any CPU.Build.0 = Debug|Any CPU
		{1F841EFE-BD53-9B12-B5F0-705598209BEC}.Release|Any CPU.ActiveCfg = Release|Any CPU
		{1F841EFE-BD53-9B12-B5F0-705598209BEC}.Release|Any CPU.Build.0 = Release|Any CPU
	EndGlobalSection
	GlobalSection(SolutionProperties) = preSolution
		HideSolutionNode = FALSE
	EndGlobalSection
EndGlobal
